
Microsoft Visual Studio Solution File, Format Version 12.00
# Visual Studio 15
VisualStudioVersion = 15.0.28307.168
MinimumVisualStudioVersion = 10.0.40219.1
Project("{9A19103F-16F7-4668-BE54-9A1E7A4F7556}") = "MyWebpage", "MyWebpage\MyWebpage.csproj", "{E81534CF-BBDF-402A-A0BE-689CA66D9B49}"
EndProject
Global
	GlobalSection(SolutionConfigurationPlatforms) = preSolution
		Debug|Any CPU = Debug|Any CPU
		Release|Any CPU = Release|Any CPU
	EndGlobalSection
	GlobalSection(ProjectConfigurationPlatforms) = postSolution
		{E81534CF-BBDF-402A-A0BE-689CA66D9B49}.Debug|Any CPU.ActiveCfg = Debug|Any CPU
		{E81534CF-BBDF-402A-A0BE-689CA66D9B49}.Debug|Any CPU.Build.0 = Debug|Any CPU
		{E81534CF-BBDF-402A-A0BE-689CA66D9B49}.Release|Any CPU.ActiveCfg = Release|Any CPU
		{E81534CF-BBDF-402A-A0BE-689CA66D9B49}.Release|Any CPU.Build.0 = Release|Any CPU
	EndGlobalSection
	GlobalSection(SolutionProperties) = preSolution
		HideSolutionNode = FALSE
	EndGlobalSection
	GlobalSection(ExtensibilityGlobals) = postSolution
		SolutionGuid = {96DF2017-139C-4A80-9445-DE98AECDC445}
	EndGlobalSection
EndGlobal
